
Microsoft Visual Studio Solution File, Format Version 12.00
# Visual Studio Version 17
VisualStudioVersion = 17.10.35013.160
MinimumVisualStudioVersion = 10.0.40219.1
Project("{F184B08F-C81C-45F6-A57F-5ABD9991F28F}") = "Soule", "Soule.vbproj", "{E8D82A64-3A92-4B3B-AE9E-C3A72608689F}"
EndProject
Global
	GlobalSection(SolutionConfigurationPlatforms) = preSolution
		Debug|Any CPU = Debug|Any CPU
		Release|Any CPU = Release|Any CPU
	EndGlobalSection
	GlobalSection(ProjectConfigurationPlatforms) = postSolution
		{E8D82A64-3A92-4B3B-AE9E-C3A72608689F}.Debug|Any CPU.ActiveCfg = Debug|Any CPU
		{E8D82A64-3A92-4B3B-AE9E-C3A72608689F}.Debug|Any CPU.Build.0 = Debug|Any CPU
		{E8D82A64-3A92-4B3B-AE9E-C3A72608689F}.Release|Any CPU.ActiveCfg = Release|Any CPU
		{E8D82A64-3A92-4B3B-AE9E-C3A72608689F}.Release|Any CPU.Build.0 = Release|Any CPU
	EndGlobalSection
	GlobalSection(SolutionProperties) = preSolution
		HideSolutionNode = FALSE
	EndGlobalSection
	GlobalSection(ExtensibilityGlobals) = postSolution
		SolutionGuid = {B26E983B-72AF-4206-A1B7-92648363B2DA}
	EndGlobalSection
EndGlobal
